{"filter":false,"title":"yarn.lock","tooltip":"/modulo_03/crypto_wallet/yarn.lock","undoManager":{"mark":-1,"position":-1,"stack":[]},"ace":{"folds":[],"scrolltop":0,"scrollleft":0,"selection":{"start":{"row":0,"column":0},"end":{"row":0,"column":0},"isBackwards":true},"options":{"guessTabSize":true,"useWrapMode":false,"wrapToView":true},"firstLineState":{"row":207,"mode":"ace/mode/text"}},"timestamp":1661155519463,"hash":"8279717bb5edc8bcf35772c1d4e464911f1b9a16"}